// !$*UTF8*$!
{
	archiveVersion = 1;
	classes = {
	};
	objectVersion = 77;
	objects = {

/* Begin PBXBuildFile section */
		11AC48A82FE7FF8600506E5F /* MarkdownUI in Frameworks */ = {isa = PBXBuildFile; productRef = 11AC48A92FE7FF8600506E5F /* MarkdownUI */; };
/* End PBXBuildFile section */

/* Begin PBXContainerItemProxy section */
		11B35C422FE7D0D500ADA6BE /* PBXContainerItemProxy */ = {
			isa = PBXContainerItemProxy;
			containerPortal = 11B35C2A2FE7D0D300ADA6BE /* Project object */;
			proxyType = 1;
			remoteGlobalIDString = 11B35C312FE7D0D300ADA6BE;
			remoteInfo = mdsticky;
		};
		11B35C4C2FE7D0D500ADA6BE /* PBXContainerItemProxy */ = {
			isa = PBXContainerItemProxy;
			containerPortal = 11B35C2A2FE7D0D300ADA6BE /* Project object */;
			proxyType = 1;
			remoteGlobalIDString = 11B35C312FE7D0D300ADA6BE;
			remoteInfo = mdsticky;
		};
/* End PBXContainerItemProxy section */

/* Begin PBXFileReference section */
		11B35C322FE7D0D300ADA6BE /* mdsticky.app */ = {isa = PBXFileReference; explicitFileType = wrapper.application; includeInIndex = 0; path = mdsticky.app; sourceTree = BUILT_PRODUCTS_DIR; };
		11B35C412FE7D0D500ADA6BE /* mdstickyTests.xctest */ = {isa = PBXFileReference; explicitFileType = wrapper.cfbundle; includeInIndex = 0; path = mdstickyTests.xctest; sourceTree = BUILT_PRODUCTS_DIR; };
		11B35C4B2FE7D0D500ADA6BE /* mdstickyUITests.xctest */ = {isa = PBXFileReference; explicitFileType = wrapper.cfbundle; includeInIndex = 0; path = mdstickyUITests.xctest; sourceTree = BUILT_PRODUCTS_DIR; };
/* End PBXFileReference section */

/* Begin PBXFileSystemSynchronizedRootGroup section */
		11B35C342FE7D0D300ADA6BE /* mdsticky */ = {
			isa = PBXFileSystemSynchronizedRootGroup;
			path = mdsticky;
			sourceTree = "<group>";
		};
		11B35C442FE7D0D500ADA6BE /* mdstickyTests */ = {
			isa = PBXFileSystemSynchronizedRootGroup;
			path = mdstickyTests;
			sourceTree = "<group>";
		};
		11B35C4E2FE7D0D500ADA6BE /* mdstickyUITests */ = {
			isa = PBXFileSystemSynchronizedRootGroup;
			path = mdstickyUITests;
			sourceTree = "<group>";
		};
/* End PBXFileSystemSynchronizedRootGroup section */

/* Begin PBXFrameworksBuildPhase section */
		11B35C2F2FE7D0D300ADA6BE /* Frameworks */ = {
			isa = PBXFrameworksBuildPhase;
			buildActionMask = 2147483647;
			files = (
				11AC48A82FE7FF8600506E5F /* MarkdownUI in Frameworks */,
			);
			runOnlyForDeploymentPostprocessing = 0;
		};
		11B35C3E2FE7D0D500ADA6BE /* Frameworks */ = {
			isa = PBXFrameworksBuildPhase;
			buildActionMask = 2147483647;
			files = (
			);
			runOnlyForDeploymentPostprocessing = 0;
		};
		11B35C482FE7D0D500ADA6BE /* Frameworks */ = {
			isa = PBXFrameworksBuildPhase;
			buildActionMask = 2147483647;
			files = (
			);
			runOnlyForDeploymentPostprocessing = 0;
		};
/* End PBXFrameworksBuildPhase section */

/* Begin PBXGroup section */
		11B35C292FE7D0D300ADA6BE = {
			isa = PBXGroup;
			children = (
				11B35C342FE7D0D300ADA6BE /* mdsticky */,
				11B35C442FE7D0D500ADA6BE /* mdstickyTests */,
				11B35C4E2FE7D0D500ADA6BE /* mdstickyUITests */,
				11B35C332FE7D0D300ADA6BE /* Products */,
			);
			sourceTree = "<group>";
		};
		11B35C332FE7D0D300ADA6BE /* Products */ = {
			isa = PBXGroup;
			children = (
				11B35C322FE7D0D300ADA6BE /* mdsticky.app */,
				11B35C412FE7D0D500ADA6BE /* mdstickyTests.xctest */,
				11B35C4B2FE7D0D500ADA6BE /* mdstickyUITests.xctest */,
			);
			name = Products;
			sourceTree = "<group>";
		};
/* End PBXGroup section */

/* Begin PBXNativeTarget section */
		11B35C312FE7D0D300ADA6BE /* mdsticky */ = {
			isa = PBXNativeTarget;
			buildConfigurationList = 11B35C552FE7D0D500ADA6BE /* Build configuration list for PBXNativeTarget "mdsticky" */;
			buildPhases = (
				11B35C2E2FE7D0D300ADA6BE /* Sources */,
				11B35C2F2FE7D0D300ADA6BE /* Frameworks */,
				11B35C302FE7D0D300ADA6BE /* Resources */,
			);
			buildRules = (
			);
			dependencies = (
			);
			fileSystemSynchronizedGroups = (
				11B35C342FE7D0D300ADA6BE /* mdsticky */,
			);
			name = mdsticky;
			packageProductDependencies = (
				11AC48A92FE7FF8600506E5F /* MarkdownUI */,
			);
			productName = mdsticky;
			productReference = 11B35C322FE7D0D300ADA6BE /* mdsticky.app */;
			productType = "com.apple.product-type.application";
		};
		11B35C402FE7D0D500ADA6BE /* mdstickyTests */ = {
			isa = PBXNativeTarget;
			buildConfigurationList = 11B35C582FE7D0D500ADA6BE /* Build configuration list for PBXNativeTarget "mdstickyTests" */;
			buildPhases = (
				11B35C3D2FE7D0D500ADA6BE /* Sources */,
				11B35C3E2FE7D0D500ADA6BE /* Frameworks */,
				11B35C3F2FE7D0D500ADA6BE /* Resources */,
			);
			buildRules = (
			);
			dependencies = (
				11B35C432FE7D0D500ADA6BE /* PBXTargetDependency */,
			);
			fileSystemSynchronizedGroups = (
				11B35C442FE7D0D500ADA6BE /* mdstickyTests */,
			);
			name = mdstickyTests;
			packageProductDependencies = (
			);
			productName = mdstickyTests;
			productReference = 11B35C412FE7D0D500ADA6BE /* mdstickyTests.xctest */;
			productType = "com.apple.product-type.bundle.unit-test";
		};
		11B35C4A2FE7D0D500ADA6BE /* mdstickyUITests */ = {
			isa = PBXNativeTarget;
			buildConfigurationList = 11B35C5B2FE7D0D500ADA6BE /* Build configuration list for PBXNativeTarget "mdstickyUITests" */;
			buildPhases = (
				11B35C472FE7D0D500ADA6BE /* Sources */,
				11B35C482FE7D0D500ADA6BE /* Frameworks */,
				11B35C492FE7D0D500ADA6BE /* Resources */,
			);
			buildRules = (
			);
			dependencies = (
				11B35C4D2FE7D0D500ADA6BE /* PBXTargetDependency */,
			);
			fileSystemSynchronizedGroups = (
				11B35C4E2FE7D0D500ADA6BE /* mdstickyUITests */,
			);
			name = mdstickyUITests;
			packageProductDependencies = (
			);
			productName = mdstickyUITests;
			productReference = 11B35C4B2FE7D0D500ADA6BE /* mdstickyUITests.xctest */;
			productType = "com.apple.product-type.bundle.ui-testing";
		};
/* End PBXNativeTarget section */

/* Begin PBXProject section */
		11B35C2A2FE7D0D300ADA6BE /* Project object */ = {
			isa = PBXProject;
			attributes = {
				BuildIndependentTargetsInParallel = 1;
				LastSwiftUpdateCheck = 2600;
				LastUpgradeCheck = 2600;
				TargetAttributes = {
					11B35C312FE7D0D300ADA6BE = {
						CreatedOnToolsVersion = 26.0.1;
					};
					11B35C402FE7D0D500ADA6BE = {
						CreatedOnToolsVersion = 26.0.1;
						TestTargetID = 11B35C312FE7D0D300ADA6BE;
					};
					11B35C4A2FE7D0D500ADA6BE = {
						CreatedOnToolsVersion = 26.0.1;
						TestTargetID = 11B35C312FE7D0D300ADA6BE;
					};
				};
			};
			buildConfigurationList = 11B35C2D2FE7D0D300ADA6BE /* Build configuration list for PBXProject "mdsticky" */;
			developmentRegion = en;
			hasScannedForEncodings = 0;
			knownRegions = (
				en,
				Base,
			);
			mainGroup = 11B35C292FE7D0D300ADA6BE;
			minimizedProjectReferenceProxies = 1;
			packageReferences = (
				11AC48A62FE7FF8600506E5F /* XCRemoteSwiftPackageReference "swift-markdown-ui" */,
			);
			preferredProjectObjectVersion = 77;
			productRefGroup = 11B35C332FE7D0D300ADA6BE /* Products */;
			projectDirPath = "";
			projectRoot = "";
			targets = (
				11B35C312FE7D0D300ADA6BE /* mdsticky */,
				11B35C402FE7D0D500ADA6BE /* mdstickyTests */,
				11B35C4A2FE7D0D500ADA6BE /* mdstickyUITests */,
			);
		};
/* End PBXProject section */

/* Begin PBXResourcesBuildPhase section */
		11B35C302FE7D0D300ADA6BE /* Resources */ = {
			isa = PBXResourcesBuildPhase;
			buildActionMask = 2147483647;
			files = (
			);
			runOnlyForDeploymentPostprocessing = 0;
		};
		11B35C3F2FE7D0D500ADA6BE /* Resources */ = {
			isa = PBXResourcesBuildPhase;
			buildActionMask = 2147483647;
			files = (
			);
			runOnlyForDeploymentPostprocessing = 0;
		};
		11B35C492FE7D0D500ADA6BE /* Resources */ = {
			isa = PBXResourcesBuildPhase;
			buildActionMask = 2147483647;
			files = (
			);
			runOnlyForDeploymentPostprocessing = 0;
		};
/* End PBXResourcesBuildPhase section */

/* Begin PBXSourcesBuildPhase section */
		11B35C2E2FE7D0D300ADA6BE /* Sources */ = {
			isa = PBXSourcesBuildPhase;
			buildActionMask = 2147483647;
			files = (
			);
			runOnlyForDeploymentPostprocessing = 0;
		};
		11B35C3D2FE7D0D500ADA6BE /* Sources */ = {
			isa = PBXSourcesBuildPhase;
			buildActionMask = 2147483647;
			files = (
			);
			runOnlyForDeploymentPostprocessing = 0;
		};
		11B35C472FE7D0D500ADA6BE /* Sources */ = {
			isa = PBXSourcesBuildPhase;
			buildActionMask = 2147483647;
			files = (
			);
			runOnlyForDeploymentPostprocessing = 0;
		};
/* End PBXSourcesBuildPhase section */

/* Begin PBXTargetDependency section */
		11B35C432FE7D0D500ADA6BE /* PBXTargetDependency */ = {
			isa = PBXTargetDependency;
			target = 11B35C312FE7D0D300ADA6BE /* mdsticky */;
			targetProxy = 11B35C422FE7D0D500ADA6BE /* PBXContainerItemProxy */;
		};
		11B35C4D2FE7D0D500ADA6BE /* PBXTargetDependency */ = {
			isa = PBXTargetDependency;
			target = 11B35C312FE7D0D300ADA6BE /* mdsticky */;
			targetProxy = 11B35C4C2FE7D0D500ADA6BE /* PBXContainerItemProxy */;
		};
/* End PBXTargetDependency section */

/* Begin XCBuildConfiguration section */
		11B35C532FE7D0D500ADA6BE /* Debug */ = {
			isa = XCBuildConfiguration;
			buildSettings = {
				ALWAYS_SEARCH_USER_PATHS = NO;
				ASSETCATALOG_COMPILER_GENERATE_SWIFT_ASSET_SYMBOL_EXTENSIONS = YES;
				CLANG_ANALYZER_NONNULL = YES;
				CLANG_ANALYZER_NUMBER_OBJECT_CONVERSION = YES_AGGRESSIVE;
				CLANG_CXX_LANGUAGE_STANDARD = "gnu++20";
				CLANG_ENABLE_MODULES = YES;
				CLANG_ENABLE_OBJC_ARC = YES;
				CLANG_ENABLE_OBJC_WEAK = YES;
				CLANG_WARN_BLOCK_CAPTURE_AUTORELEASING = YES;
				CLANG_WARN_BOOL_CONVERSION = YES;
				CLANG_WARN_COMMA = YES;
				CLANG_WARN_CONSTANT_CONVERSION = YES;
				CLANG_WARN_DEPRECATED_OBJC_IMPLEMENTATIONS = YES;
				CLANG_WARN_DIRECT_OBJC_ISA_USAGE = YES_ERROR;
				CLANG_WARN_DOCUMENTATION_COMMENTS = YES;
				CLANG_WARN_EMPTY_BODY = YES;
				CLANG_WARN_ENUM_CONVERSION = YES;
				CLANG_WARN_INFINITE_RECURSION = YES;
				CLANG_WARN_INT_CONVERSION = YES;
				CLANG_WARN_NON_LITERAL_NULL_CONVERSION = YES;
				CLANG_WARN_OBJC_IMPLICIT_RETAIN_SELF = YES;
				CLANG_WARN_OBJC_LITERAL_CONVERSION = YES;
				CLANG_WARN_OBJC_ROOT_CLASS = YES_ERROR;
				CLANG_WARN_QUOTED_INCLUDE_IN_FRAMEWORK_HEADER = YES;
				CLANG_WARN_RANGE_LOOP_ANALYSIS = YES;
				CLANG_WARN_STRICT_PROTOTYPES = YES;
				CLANG_WARN_SUSPICIOUS_MOVE = YES;
				CLANG_WARN_UNGUARDED_AVAILABILITY = YES_AGGRESSIVE;
				CLANG_WARN_UNREACHABLE_CODE = YES;
				CLANG_WARN__DUPLICATE_METHOD_MATCH = YES;
				COPY_PHASE_STRIP = NO;
				DEBUG_INFORMATION_FORMAT = dwarf;
				DEVELOPMENT_TEAM = 8G993L24AS;
				ENABLE_STRICT_OBJC_MSGSEND = YES;
				ENABLE_TESTABILITY = YES;
				ENABLE_USER_SCRIPT_SANDBOXING = YES;
				GCC_C_LANGUAGE_STANDARD = gnu17;
				GCC_DYNAMIC_NO_PIC = NO;
				GCC_NO_COMMON_BLOCKS = YES;
				GCC_OPTIMIZATION_LEVEL = 0;
				GCC_PREPROCESSOR_DEFINITIONS = (
					"DEBUG=1",
					"$(inherited)",
				);
				GCC_WARN_64_TO_32_BIT_CONVERSION = YES;
				GCC_WARN_ABOUT_RETURN_TYPE = YES_ERROR;
				GCC_WARN_UNDECLARED_SELECTOR = YES;
				GCC_WARN_UNINITIALIZED_AUTOS = YES_AGGRESSIVE;
				GCC_WARN_UNUSED_FUNCTION = YES;
				GCC_WARN_UNUSED_VARIABLE = YES;
				LOCALIZATION_PREFERS_STRING_CATALOGS = YES;
				MACOSX_DEPLOYMENT_TARGET = 14.0;
				MTL_ENABLE_DEBUG_INFO = INCLUDE_SOURCE;
				MTL_FAST_MATH = YES;
				ONLY_ACTIVE_ARCH = YES;
				SDKROOT = macosx;
				SWIFT_ACTIVE_COMPILATION_CONDITIONS = "DEBUG $(inherited)";
				SWIFT_OPTIMIZATION_LEVEL = "-Onone";
			};
			name = Debug;
		};
		11B35C542FE7D0D500ADA6BE /* Release */ = {
			isa = XCBuildConfiguration;
			buildSettings = {
				ALWAYS_SEARCH_USER_PATHS = NO;
				ASSETCATALOG_COMPILER_GENERATE_SWIFT_ASSET_SYMBOL_EXTENSIONS = YES;
				CLANG_ANALYZER_NONNULL = YES;
				CLANG_ANALYZER_NUMBER_OBJECT_CONVERSION = YES_AGGRESSIVE;
				CLANG_CXX_LANGUAGE_STANDARD = "gnu++20";
				CLANG_ENABLE_MODULES = YES;
				CLANG_ENABLE_OBJC_ARC = YES;
				CLANG_ENABLE_OBJC_WEAK = YES;
				CLANG_WARN_BLOCK_CAPTURE_AUTORELEASING = YES;
				CLANG_WARN_BOOL_CONVERSION = YES;
				CLANG_WARN_COMMA = YES;
				CLANG_WARN_CONSTANT_CONVERSION = YES;
				CLANG_WARN_DEPRECATED_OBJC_IMPLEMENTATIONS = YES;
				CLANG_WARN_DIRECT_OBJC_ISA_USAGE = YES_ERROR;
				CLANG_WARN_DOCUMENTATION_COMMENTS = YES;
				CLANG_WARN_EMPTY_BODY = YES;
				CLANG_WARN_ENUM_CONVERSION = YES;
				CLANG_WARN_INFINITE_RECURSION = YES;
				CLANG_WARN_INT_CONVERSION = YES;
				CLANG_WARN_NON_LITERAL_NULL_CONVERSION = YES;
				CLANG_WARN_OBJC_IMPLICIT_RETAIN_SELF = YES;
				CLANG_WARN_OBJC_LITERAL_CONVERSION = YES;
				CLANG_WARN_OBJC_ROOT_CLASS = YES_ERROR;
				CLANG_WARN_QUOTED_INCLUDE_IN_FRAMEWORK_HEADER = YES;
				CLANG_WARN_RANGE_LOOP_ANALYSIS = YES;
				CLANG_WARN_STRICT_PROTOTYPES = YES;
				CLANG_WARN_SUSPICIOUS_MOVE = YES;
				CLANG_WARN_UNGUARDED_AVAILABILITY = YES_AGGRESSIVE;
				CLANG_WARN_UNREACHABLE_CODE = YES;
				CLANG_WARN__DUPLICATE_METHOD_MATCH = YES;
				COPY_PHASE_STRIP = NO;
				DEBUG_INFORMATION_FORMAT = "dwarf-with-dsym";
				DEVELOPMENT_TEAM = 8G993L24AS;
				ENABLE_NS_ASSERTIONS = NO;
				ENABLE_STRICT_OBJC_MSGSEND = YES;
				ENABLE_USER_SCRIPT_SANDBOXING = YES;
				GCC_C_LANGUAGE_STANDARD = gnu17;
				GCC_NO_COMMON_BLOCKS = YES;
				GCC_WARN_64_TO_32_BIT_CONVERSION = YES;
				GCC_WARN_ABOUT_RETURN_TYPE = YES_ERROR;
				GCC_WARN_UNDECLARED_SELECTOR = YES;
				GCC_WARN_UNINITIALIZED_AUTOS = YES_AGGRESSIVE;
				GCC_WARN_UNUSED_FUNCTION = YES;
				GCC_WARN_UNUSED_VARIABLE = YES;
				LOCALIZATION_PREFERS_STRING_CATALOGS = YES;
				MACOSX_DEPLOYMENT_TARGET = 14.0;
				MTL_ENABLE_DEBUG_INFO = NO;
				MTL_FAST_MATH = YES;
				SDKROOT = macosx;
				SWIFT_COMPILATION_MODE = wholemodule;
			};
			name = Release;
		};
		11B35C562FE7D0D500ADA6BE /* Debug */ = {
			isa = XCBuildConfiguration;
			buildSettings = {
				ASSETCATALOG_COMPILER_APPICON_NAME = AppIcon;
				ASSETCATALOG_COMPILER_GLOBAL_ACCENT_COLOR_NAME = AccentColor;
				CODE_SIGN_STYLE = Automatic;
				COMBINE_HIDPI_IMAGES = YES;
				CURRENT_PROJECT_VERSION = 1;
				DEVELOPMENT_TEAM = 8G993L24AS;
				ENABLE_APP_SANDBOX = YES;
				ENABLE_HARDENED_RUNTIME = YES;
				ENABLE_PREVIEWS = YES;
				ENABLE_USER_SELECTED_FILES = readwrite;
				GENERATE_INFOPLIST_FILE = YES;
				INFOPLIST_KEY_LSApplicationCategoryType = "public.app-category.productivity";
				INFOPLIST_KEY_NSHumanReadableCopyright = "";
				LD_RUNPATH_SEARCH_PATHS = (
					"$(inherited)",
					"@executable_path/../Frameworks",
				);
				MARKETING_VERSION = 1.2.2;
				PRODUCT_BUNDLE_IDENTIFIER = charleypeng.mdsticky;
				PRODUCT_NAME = "$(TARGET_NAME)";
				REGISTER_APP_GROUPS = YES;
				STRING_CATALOG_GENERATE_SYMBOLS = YES;
				SWIFT_APPROACHABLE_CONCURRENCY = YES;
				SWIFT_DEFAULT_ACTOR_ISOLATION = MainActor;
				SWIFT_EMIT_LOC_STRINGS = YES;
				SWIFT_UPCOMING_FEATURE_MEMBER_IMPORT_VISIBILITY = YES;
				SWIFT_VERSION = 5.0;
			};
			name = Debug;
		};
		11B35C572FE7D0D500ADA6BE /* Release */ = {
			isa = XCBuildConfiguration;
			buildSettings = {
				ASSETCATALOG_COMPILER_APPICON_NAME = AppIcon;
				ASSETCATALOG_COMPILER_GLOBAL_ACCENT_COLOR_NAME = AccentColor;
				CODE_SIGN_STYLE = Automatic;
				COMBINE_HIDPI_IMAGES = YES;
				CURRENT_PROJECT_VERSION = 1;
				DEVELOPMENT_TEAM = 8G993L24AS;
				ENABLE_APP_SANDBOX = YES;
				ENABLE_HARDENED_RUNTIME = YES;
				ENABLE_PREVIEWS = YES;
				ENABLE_USER_SELECTED_FILES = readwrite;
				GENERATE_INFOPLIST_FILE = YES;
				INFOPLIST_KEY_LSApplicationCategoryType = "public.app-category.productivity";
				INFOPLIST_KEY_NSHumanReadableCopyright = "";
				LD_RUNPATH_SEARCH_PATHS = (
					"$(inherited)",
					"@executable_path/../Frameworks",
				);
				MARKETING_VERSION = 1.2.2;
				PRODUCT_BUNDLE_IDENTIFIER = charleypeng.mdsticky;
				PRODUCT_NAME = "$(TARGET_NAME)";
				REGISTER_APP_GROUPS = YES;
				STRING_CATALOG_GENERATE_SYMBOLS = YES;
				SWIFT_APPROACHABLE_CONCURRENCY = YES;
				SWIFT_DEFAULT_ACTOR_ISOLATION = MainActor;
				SWIFT_EMIT_LOC_STRINGS = YES;
				SWIFT_UPCOMING_FEATURE_MEMBER_IMPORT_VISIBILITY = YES;
				SWIFT_VERSION = 5.0;
			};
			name = Release;
		};
		11B35C592FE7D0D500ADA6BE /* Debug */ = {
			isa = XCBuildConfiguration;
			buildSettings = {
				BUNDLE_LOADER = "$(TEST_HOST)";
				CODE_SIGN_STYLE = Automatic;
				CURRENT_PROJECT_VERSION = 1;
				DEVELOPMENT_TEAM = 8G993L24AS;
				GENERATE_INFOPLIST_FILE = YES;
				MACOSX_DEPLOYMENT_TARGET = 14.0;
				MARKETING_VERSION = 1.2.2;
				PRODUCT_BUNDLE_IDENTIFIER = charleypeng.mdstickyTests;
				PRODUCT_NAME = "$(TARGET_NAME)";
				STRING_CATALOG_GENERATE_SYMBOLS = NO;
				SWIFT_APPROACHABLE_CONCURRENCY = YES;
				SWIFT_EMIT_LOC_STRINGS = NO;
				SWIFT_UPCOMING_FEATURE_MEMBER_IMPORT_VISIBILITY = YES;
				SWIFT_VERSION = 5.0;
				TEST_HOST = "$(BUILT_PRODUCTS_DIR)/mdsticky.app/$(BUNDLE_EXECUTABLE_FOLDER_PATH)/mdsticky";
			};
			name = Debug;
		};
		11B35C5A2FE7D0D500ADA6BE /* Release */ = {
			isa = XCBuildConfiguration;
			buildSettings = {
				BUNDLE_LOADER = "$(TEST_HOST)";
				CODE_SIGN_STYLE = Automatic;
				CURRENT_PROJECT_VERSION = 1;
				DEVELOPMENT_TEAM = 8G993L24AS;
				GENERATE_INFOPLIST_FILE = YES;
				MACOSX_DEPLOYMENT_TARGET = 14.0;
				MARKETING_VERSION = 1.2.2;
				PRODUCT_BUNDLE_IDENTIFIER = charleypeng.mdstickyTests;
				PRODUCT_NAME = "$(TARGET_NAME)";
				STRING_CATALOG_GENERATE_SYMBOLS = NO;
				SWIFT_APPROACHABLE_CONCURRENCY = YES;
				SWIFT_EMIT_LOC_STRINGS = NO;
				SWIFT_UPCOMING_FEATURE_MEMBER_IMPORT_VISIBILITY = YES;
				SWIFT_VERSION = 5.0;
				TEST_HOST = "$(BUILT_PRODUCTS_DIR)/mdsticky.app/$(BUNDLE_EXECUTABLE_FOLDER_PATH)/mdsticky";
			};
			name = Release;
		};
		11B35C5C2FE7D0D500ADA6BE /* Debug */ = {
			isa = XCBuildConfiguration;
			buildSettings = {
				CODE_SIGN_STYLE = Automatic;
				CURRENT_PROJECT_VERSION = 1;
				DEVELOPMENT_TEAM = 8G993L24AS;
				GENERATE_INFOPLIST_FILE = YES;
				MARKETING_VERSION = 1.2.2;
				PRODUCT_BUNDLE_IDENTIFIER = charleypeng.mdstickyUITests;
				PRODUCT_NAME = "$(TARGET_NAME)";
				STRING_CATALOG_GENERATE_SYMBOLS = NO;
				SWIFT_APPROACHABLE_CONCURRENCY = YES;
				SWIFT_EMIT_LOC_STRINGS = NO;
				SWIFT_UPCOMING_FEATURE_MEMBER_IMPORT_VISIBILITY = YES;
				SWIFT_VERSION = 5.0;
				TEST_TARGET_NAME = mdsticky;
			};
			name = Debug;
		};
		11B35C5D2FE7D0D500ADA6BE /* Release */ = {
			isa = XCBuildConfiguration;
			buildSettings = {
				CODE_SIGN_STYLE = Automatic;
				CURRENT_PROJECT_VERSION = 1;
				DEVELOPMENT_TEAM = 8G993L24AS;
				GENERATE_INFOPLIST_FILE = YES;
				MARKETING_VERSION = 1.2.2;
				PRODUCT_BUNDLE_IDENTIFIER = charleypeng.mdstickyUITests;
				PRODUCT_NAME = "$(TARGET_NAME)";
				STRING_CATALOG_GENERATE_SYMBOLS = NO;
				SWIFT_APPROACHABLE_CONCURRENCY = YES;
				SWIFT_EMIT_LOC_STRINGS = NO;
				SWIFT_UPCOMING_FEATURE_MEMBER_IMPORT_VISIBILITY = YES;
				SWIFT_VERSION = 5.0;
				TEST_TARGET_NAME = mdsticky;
			};
			name = Release;
		};
/* End XCBuildConfiguration section */

/* Begin XCConfigurationList section */
		11B35C2D2FE7D0D300ADA6BE /* Build configuration list for PBXProject "mdsticky" */ = {
			isa = XCConfigurationList;
			buildConfigurations = (
				11B35C532FE7D0D500ADA6BE /* Debug */,
				11B35C542FE7D0D500ADA6BE /* Release */,
			);
			defaultConfigurationIsVisible = 0;
			defaultConfigurationName = Release;
		};
		11B35C552FE7D0D500ADA6BE /* Build configuration list for PBXNativeTarget "mdsticky" */ = {
			isa = XCConfigurationList;
			buildConfigurations = (
				11B35C562FE7D0D500ADA6BE /* Debug */,
				11B35C572FE7D0D500ADA6BE /* Release */,
			);
			defaultConfigurationIsVisible = 0;
			defaultConfigurationName = Release;
		};
		11B35C582FE7D0D500ADA6BE /* Build configuration list for PBXNativeTarget "mdstickyTests" */ = {
			isa = XCConfigurationList;
			buildConfigurations = (
				11B35C592FE7D0D500ADA6BE /* Debug */,
				11B35C5A2FE7D0D500ADA6BE /* Release */,
			);
			defaultConfigurationIsVisible = 0;
			defaultConfigurationName = Release;
		};
		11B35C5B2FE7D0D500ADA6BE /* Build configuration list for PBXNativeTarget "mdstickyUITests" */ = {
			isa = XCConfigurationList;
			buildConfigurations = (
				11B35C5C2FE7D0D500ADA6BE /* Debug */,
				11B35C5D2FE7D0D500ADA6BE /* Release */,
			);
			defaultConfigurationIsVisible = 0;
			defaultConfigurationName = Release;
		};
/* End XCConfigurationList section */

/* Begin XCRemoteSwiftPackageReference section */
		11AC48A62FE7FF8600506E5F /* XCRemoteSwiftPackageReference "swift-markdown-ui" */ = {
			isa = XCRemoteSwiftPackageReference;
			repositoryURL = "https://github.com/gonzalezreal/swift-markdown-ui";
			requirement = {
				kind = upToNextMajorVersion;
				minimumVersion = 2.4.1;
			};
		};
/* End XCRemoteSwiftPackageReference section */

/* Begin XCSwiftPackageProductDependency section */
		11AC48A92FE7FF8600506E5F /* MarkdownUI */ = {
			isa = XCSwiftPackageProductDependency;
			package = 11AC48A62FE7FF8600506E5F /* XCRemoteSwiftPackageReference "swift-markdown-ui" */;
			productName = MarkdownUI;
		};
/* End XCSwiftPackageProductDependency section */
	};
	rootObject = 11B35C2A2FE7D0D300ADA6BE /* Project object */;
}
